// !$*UTF8*$!
{
	archiveVersion = 1;
	classes = {
	};
	objectVersion = 50;
	objects = {

/* Begin PBXBuildFile section */
		AE8D41A6233714F000F189AD /* AppDelegate.swift in Sources */ = {isa = PBXBuildFile; fileRef = AE8D41A5233714F000F189AD /* AppDelegate.swift */; };
		AE8D41A8233714F000F189AD /* SceneDelegate.swift in Sources */ = {isa = PBXBuildFile; fileRef = AE8D41A7233714F000F189AD /* SceneDelegate.swift */; };
		AE8D41AB233714F000F189AD /* footballSwiftUI.xcdatamodeld in Sources */ = {isa = PBXBuildFile; fileRef = AE8D41A9233714F000F189AD /* footballSwiftUI.xcdatamodeld */; };
		AE8D41AD233714F000F189AD /* ContentView.swift in Sources */ = {isa = PBXBuildFile; fileRef = AE8D41AC233714F000F189AD /* ContentView.swift */; };
		AE8D41AF233714F100F189AD /* Assets.xcassets in Resources */ = {isa = PBXBuildFile; fileRef = AE8D41AE233714F100F189AD /* Assets.xcassets */; };
		AE8D41B2233714F100F189AD /* Preview Assets.xcassets in Resources */ = {isa = PBXBuildFile; fileRef = AE8D41B1233714F100F189AD /* Preview Assets.xcassets */; };
		AE8D41B5233714F100F189AD /* LaunchScreen.storyboard in Resources */ = {isa = PBXBuildFile; fileRef = AE8D41B3233714F100F189AD /* LaunchScreen.storyboard */; };
		AE8D41C0233714F100F189AD /* footballSwiftUITests.swift in Sources */ = {isa = PBXBuildFile; fileRef = AE8D41BF233714F100F189AD /* footballSwiftUITests.swift */; };
/* End PBXBuildFile section */

/* Begin PBXContainerItemProxy section */
		AE8D41BC233714F100F189AD /* PBXContainerItemProxy */ = {
			isa = PBXContainerItemProxy;
			containerPortal = AE8D419A233714F000F189AD /* Project object */;
			proxyType = 1;
			remoteGlobalIDString = AE8D41A1233714F000F189AD;
			remoteInfo = footballSwiftUI;
		};
/* End PBXContainerItemProxy section */

/* Begin PBXFileReference section */
		AE8D41A2233714F000F189AD /* footballSwiftUI.app */ = {isa = PBXFileReference; explicitFileType = wrapper.application; includeInIndex = 0; path = footballSwiftUI.app; sourceTree = BUILT_PRODUCTS_DIR; };
		AE8D41A5233714F000F189AD /* AppDelegate.swift */ = {isa = PBXFileReference; lastKnownFileType = sourcecode.swift; path = AppDelegate.swift; sourceTree = "<group>"; };
		AE8D41A7233714F000F189AD /* SceneDelegate.swift */ = {isa = PBXFileReference; lastKnownFileType = sourcecode.swift; path = SceneDelegate.swift; sourceTree = "<group>"; };
		AE8D41AA233714F000F189AD /* footballSwiftUI.xcdatamodel */ = {isa = PBXFileReference; lastKnownFileType = wrapper.xcdatamodel; path = footballSwiftUI.xcdatamodel; sourceTree = "<group>"; };
		AE8D41AC233714F000F189AD /* ContentView.swift */ = {isa = PBXFileReference; lastKnownFileType = sourcecode.swift; path = ContentView.swift; sourceTree = "<group>"; };
		AE8D41AE233714F100F189AD /* Assets.xcassets */ = {isa = PBXFileReference; lastKnownFileType = folder.assetcatalog; path = Assets.xcassets; sourceTree = "<group>"; };
		AE8D41B1233714F100F189AD /* Preview Assets.xcassets */ = {isa = PBXFileReference; lastKnownFileType = folder.assetcatalog; path = "Preview Assets.xcassets"; sourceTree = "<group>"; };
		AE8D41B4233714F100F189AD /* Base */ = {isa = PBXFileReference; lastKnownFileType = file.storyboard; name = Base; path = Base.lproj/LaunchScreen.storyboard; sourceTree = "<group>"; };
		AE8D41B6233714F100F189AD /* Info.plist */ = {isa = PBXFileReference; lastKnownFileType = text.plist.xml; path = Info.plist; sourceTree = "<group>"; };
		AE8D41BB233714F100F189AD /* footballSwiftUITests.xctest */ = {isa = PBXFileReference; explicitFileType = wrapper.cfbundle; includeInIndex = 0; path = footballSwiftUITests.xctest; sourceTree = BUILT_PRODUCTS_DIR; };
		AE8D41BF233714F100F189AD /* footballSwiftUITests.swift */ = {isa = PBXFileReference; lastKnownFileType = sourcecode.swift; path = footballSwiftUITests.swift; sourceTree = "<group>"; };
		AE8D41C1233714F100F189AD /* Info.plist */ = {isa = PBXFileReference; lastKnownFileType = text.plist.xml; path = Info.plist; sourceTree = "<group>"; };
/* End PBXFileReference section */

/* Begin PBXFrameworksBuildPhase section */
		AE8D419F233714F000F189AD /* Frameworks */ = {
			isa = PBXFrameworksBuildPhase;
			buildActionMask = 2147483647;
			files = (
			);
			runOnlyForDeploymentPostprocessing = 0;
		};
		AE8D41B8233714F100F189AD /* Frameworks */ = {
			isa = PBXFrameworksBuildPhase;
			buildActionMask = 2147483647;
			files = (
			);
			runOnlyForDeploymentPostprocessing = 0;
		};
/* End PBXFrameworksBuildPhase section */

/* Begin PBXGroup section */
		AE8D4199233714F000F189AD = {
			isa = PBXGroup;
			children = (
				AE8D41A4233714F000F189AD /* footballSwiftUI */,
				AE8D41BE233714F100F189AD /* footballSwiftUITests */,
				AE8D41A3233714F000F189AD /* Products */,
			);
			sourceTree = "<group>";
		};
		AE8D41A3233714F000F189AD /* Products */ = {
			isa = PBXGroup;
			children = (
				AE8D41A2233714F000F189AD /* footballSwiftUI.app */,
				AE8D41BB233714F100F189AD /* footballSwiftUITests.xctest */,
			);
			name = Products;
			sourceTree = "<group>";
		};
		AE8D41A4233714F000F189AD /* footballSwiftUI */ = {
			isa = PBXGroup;
			children = (
				AE8D41A5233714F000F189AD /* AppDelegate.swift */,
				AE8D41A7233714F000F189AD /* SceneDelegate.swift */,
				AE8D41AC233714F000F189AD /* ContentView.swift */,
				AE8D41AE233714F100F189AD /* Assets.xcassets */,
				AE8D41B3233714F100F189AD /* LaunchScreen.storyboard */,
				AE8D41B6233714F100F189AD /* Info.plist */,
				AE8D41A9233714F000F189AD /* footballSwiftUI.xcdatamodeld */,
				AE8D41B0233714F100F189AD /* Preview Content */,
			);
			path = footballSwiftUI;
			sourceTree = "<group>";
		};
		AE8D41B0233714F100F189AD /* Preview Content */ = {
			isa = PBXGroup;
			children = (
				AE8D41B1233714F100F189AD /* Preview Assets.xcassets */,
			);
			path = "Preview Content";
			sourceTree = "<group>";
		};
		AE8D41BE233714F100F189AD /* footballSwiftUITests */ = {
			isa = PBXGroup;
			children = (
				AE8D41BF233714F100F189AD /* footballSwiftUITests.swift */,
				AE8D41C1233714F100F189AD /* Info.plist */,
			);
			path = footballSwiftUITests;
			sourceTree = "<group>";
		};
/* End PBXGroup section */

/* Begin PBXNativeTarget section */
		AE8D41A1233714F000F189AD /* footballSwiftUI */ = {
			isa = PBXNativeTarget;
			buildConfigurationList = AE8D41C4233714F100F189AD /* Build configuration list for PBXNativeTarget "footballSwiftUI" */;
			buildPhases = (
				AE8D419E233714F000F189AD /* Sources */,
				AE8D419F233714F000F189AD /* Frameworks */,
				AE8D41A0233714F000F189AD /* Resources */,
			);
			buildRules = (
			);
			dependencies = (
			);
			name = footballSwiftUI;
			productName = footballSwiftUI;
			productReference = AE8D41A2233714F000F189AD /* footballSwiftUI.app */;
			productType = "com.apple.product-type.application";
		};
		AE8D41BA233714F100F189AD /* footballSwiftUITests */ = {
			isa = PBXNativeTarget;
			buildConfigurationList = AE8D41C7233714F100F189AD /* Build configuration list for PBXNativeTarget "footballSwiftUITests" */;
			buildPhases = (
				AE8D41B7233714F100F189AD /* Sources */,
				AE8D41B8233714F100F189AD /* Frameworks */,
				AE8D41B9233714F100F189AD /* Resources */,
			);
			buildRules = (
			);
			dependencies = (
				AE8D41BD233714F100F189AD /* PBXTargetDependency */,
			);
			name = footballSwiftUITests;
			productName = footballSwiftUITests;
			productReference = AE8D41BB233714F100F189AD /* footballSwiftUITests.xctest */;
			productType = "com.apple.product-type.bundle.unit-test";
		};
/* End PBXNativeTarget section */

/* Begin PBXProject section */
		AE8D419A233714F000F189AD /* Project object */ = {
			isa = PBXProject;
			attributes = {
				LastSwiftUpdateCheck = 1100;
				LastUpgradeCheck = 1100;
				ORGANIZATIONNAME = "遠藤拓弥\b";
				TargetAttributes = {
					AE8D41A1233714F000F189AD = {
						CreatedOnToolsVersion = 11.0;
					};
					AE8D41BA233714F100F189AD = {
						CreatedOnToolsVersion = 11.0;
						TestTargetID = AE8D41A1233714F000F189AD;
					};
				};
			};
			buildConfigurationList = AE8D419D233714F000F189AD /* Build configuration list for PBXProject "footballSwiftUI" */;
			compatibilityVersion = "Xcode 9.3";
			developmentRegion = en;
			hasScannedForEncodings = 0;
			knownRegions = (
				en,
				Base,
			);
			mainGroup = AE8D4199233714F000F189AD;
			productRefGroup = AE8D41A3233714F000F189AD /* Products */;
			projectDirPath = "";
			projectRoot = "";
			targets = (
				AE8D41A1233714F000F189AD /* footballSwiftUI */,
				AE8D41BA233714F100F189AD /* footballSwiftUITests */,
			);
		};
/* End PBXProject section */

/* Begin PBXResourcesBuildPhase section */
		AE8D41A0233714F000F189AD /* Resources */ = {
			isa = PBXResourcesBuildPhase;
			buildActionMask = 2147483647;
			files = (
				AE8D41B5233714F100F189AD /* LaunchScreen.storyboard in Resources */,
				AE8D41B2233714F100F189AD /* Preview Assets.xcassets in Resources */,
				AE8D41AF233714F100F189AD /* Assets.xcassets in Resources */,
			);
			runOnlyForDeploymentPostprocessing = 0;
		};
		AE8D41B9233714F100F189AD /* Resources */ = {
			isa = PBXResourcesBuildPhase;
			buildActionMask = 2147483647;
			files = (
			);
			runOnlyForDeploymentPostprocessing = 0;
		};
/* End PBXResourcesBuildPhase section */

/* Begin PBXSourcesBuildPhase section */
		AE8D419E233714F000F189AD /* Sources */ = {
			isa = PBXSourcesBuildPhase;
			buildActionMask = 2147483647;
			files = (
				AE8D41AB233714F000F189AD /* footballSwiftUI.xcdatamodeld in Sources */,
				AE8D41A6233714F000F189AD /* AppDelegate.swift in Sources */,
				AE8D41AD233714F000F189AD /* ContentView.swift in Sources */,
				AE8D41A8233714F000F189AD /* SceneDelegate.swift in Sources */,
			);
			runOnlyForDeploymentPostprocessing = 0;
		};
		AE8D41B7233714F100F189AD /* Sources */ = {
			isa = PBXSourcesBuildPhase;
			buildActionMask = 2147483647;
			files = (
				AE8D41C0233714F100F189AD /* footballSwiftUITests.swift in Sources */,
			);
			runOnlyForDeploymentPostprocessing = 0;
		};
/* End PBXSourcesBuildPhase section */

/* Begin PBXTargetDependency section */
		AE8D41BD233714F100F189AD /* PBXTargetDependency */ = {
			isa = PBXTargetDependency;
			target = AE8D41A1233714F000F189AD /* footballSwiftUI */;
			targetProxy = AE8D41BC233714F100F189AD /* PBXContainerItemProxy */;
		};
/* End PBXTargetDependency section */

/* Begin PBXVariantGroup section */
		AE8D41B3233714F100F189AD /* LaunchScreen.storyboard */ = {
			isa = PBXVariantGroup;
			children = (
				AE8D41B4233714F100F189AD /* Base */,
			);
			name = LaunchScreen.storyboard;
			sourceTree = "<group>";
		};
/* End PBXVariantGroup section */

/* Begin XCBuildConfiguration section */
		AE8D41C2233714F100F189AD /* Debug */ = {
			isa = XCBuildConfiguration;
			buildSettings = {
				ALWAYS_SEARCH_USER_PATHS = NO;
				CLANG_ANALYZER_NONNULL = YES;
				CLANG_ANALYZER_NUMBER_OBJECT_CONVERSION = YES_AGGRESSIVE;
				CLANG_CXX_LANGUAGE_STANDARD = "gnu++14";
				CLANG_CXX_LIBRARY = "libc++";
				CLANG_ENABLE_MODULES = YES;
				CLANG_ENABLE_OBJC_ARC = YES;
				CLANG_ENABLE_OBJC_WEAK = YES;
				CLANG_WARN_BLOCK_CAPTURE_AUTORELEASING = YES;
				CLANG_WARN_BOOL_CONVERSION = YES;
				CLANG_WARN_COMMA = YES;
				CLANG_WARN_CONSTANT_CONVERSION = YES;
				CLANG_WARN_DEPRECATED_OBJC_IMPLEMENTATIONS = YES;
				CLANG_WARN_DIRECT_OBJC_ISA_USAGE = YES_ERROR;
				CLANG_WARN_DOCUMENTATION_COMMENTS = YES;
				CLANG_WARN_EMPTY_BODY = YES;
				CLANG_WARN_ENUM_CONVERSION = YES;
				CLANG_WARN_INFINITE_RECURSION = YES;
				CLANG_WARN_INT_CONVERSION = YES;
				CLANG_WARN_NON_LITERAL_NULL_CONVERSION = YES;
				CLANG_WARN_OBJC_IMPLICIT_RETAIN_SELF = YES;
				CLANG_WARN_OBJC_LITERAL_CONVERSION = YES;
				CLANG_WARN_OBJC_ROOT_CLASS = YES_ERROR;
				CLANG_WARN_RANGE_LOOP_ANALYSIS = YES;
				CLANG_WARN_STRICT_PROTOTYPES = YES;
				CLANG_WARN_SUSPICIOUS_MOVE = YES;
				CLANG_WARN_UNGUARDED_AVAILABILITY = YES_AGGRESSIVE;
				CLANG_WARN_UNREACHABLE_CODE = YES;
				CLANG_WARN__DUPLICATE_METHOD_MATCH = YES;
				COPY_PHASE_STRIP = NO;
				DEBUG_INFORMATION_FORMAT = dwarf;
				ENABLE_STRICT_OBJC_MSGSEND = YES;
				ENABLE_TESTABILITY = YES;
				GCC_C_LANGUAGE_STANDARD = gnu11;
				GCC_DYNAMIC_NO_PIC = NO;
				GCC_NO_COMMON_BLOCKS = YES;
				GCC_OPTIMIZATION_LEVEL = 0;
				GCC_PREPROCESSOR_DEFINITIONS = (
					"DEBUG=1",
					"$(inherited)",
				);
				GCC_WARN_64_TO_32_BIT_CONVERSION = YES;
				GCC_WARN_ABOUT_RETURN_TYPE = YES_ERROR;
				GCC_WARN_UNDECLARED_SELECTOR = YES;
				GCC_WARN_UNINITIALIZED_AUTOS = YES_AGGRESSIVE;
				GCC_WARN_UNUSED_FUNCTION = YES;
				GCC_WARN_UNUSED_VARIABLE = YES;
				IPHONEOS_DEPLOYMENT_TARGET = 13.0;
				MTL_ENABLE_DEBUG_INFO = INCLUDE_SOURCE;
				MTL_FAST_MATH = YES;
				ONLY_ACTIVE_ARCH = YES;
				SDKROOT = iphoneos;
				SWIFT_ACTIVE_COMPILATION_CONDITIONS = DEBUG;
				SWIFT_OPTIMIZATION_LEVEL = "-Onone";
			};
			name = Debug;
		};
		AE8D41C3233714F100F189AD /* Release */ = {
			isa = XCBuildConfiguration;
			buildSettings = {
				ALWAYS_SEARCH_USER_PATHS = NO;
				CLANG_ANALYZER_NONNULL = YES;
				CLANG_ANALYZER_NUMBER_OBJECT_CONVERSION = YES_AGGRESSIVE;
				CLANG_CXX_LANGUAGE_STANDARD = "gnu++14";
				CLANG_CXX_LIBRARY = "libc++";
				CLANG_ENABLE_MODULES = YES;
				CLANG_ENABLE_OBJC_ARC = YES;
				CLANG_ENABLE_OBJC_WEAK = YES;
				CLANG_WARN_BLOCK_CAPTURE_AUTORELEASING = YES;
				CLANG_WARN_BOOL_CONVERSION = YES;
				CLANG_WARN_COMMA = YES;
				CLANG_WARN_CONSTANT_CONVERSION = YES;
				CLANG_WARN_DEPRECATED_OBJC_IMPLEMENTATIONS = YES;
				CLANG_WARN_DIRECT_OBJC_ISA_USAGE = YES_ERROR;
				CLANG_WARN_DOCUMENTATION_COMMENTS = YES;
				CLANG_WARN_EMPTY_BODY = YES;
				CLANG_WARN_ENUM_CONVERSION = YES;
				CLANG_WARN_INFINITE_RECURSION = YES;
				CLANG_WARN_INT_CONVERSION = YES;
				CLANG_WARN_NON_LITERAL_NULL_CONVERSION = YES;
				CLANG_WARN_OBJC_IMPLICIT_RETAIN_SELF = YES;
				CLANG_WARN_OBJC_LITERAL_CONVERSION = YES;
				CLANG_WARN_OBJC_ROOT_CLASS = YES_ERROR;
				CLANG_WARN_RANGE_LOOP_ANALYSIS = YES;
				CLANG_WARN_STRICT_PROTOTYPES = YES;
				CLANG_WARN_SUSPICIOUS_MOVE = YES;
				CLANG_WARN_UNGUARDED_AVAILABILITY = YES_AGGRESSIVE;
				CLANG_WARN_UNREACHABLE_CODE = YES;
				CLANG_WARN__DUPLICATE_METHOD_MATCH = YES;
				COPY_PHASE_STRIP = NO;
				DEBUG_INFORMATION_FORMAT = "dwarf-with-dsym";
				ENABLE_NS_ASSERTIONS = NO;
				ENABLE_STRICT_OBJC_MSGSEND = YES;
				GCC_C_LANGUAGE_STANDARD = gnu11;
				GCC_NO_COMMON_BLOCKS = YES;
				GCC_WARN_64_TO_32_BIT_CONVERSION = YES;
				GCC_WARN_ABOUT_RETURN_TYPE = YES_ERROR;
				GCC_WARN_UNDECLARED_SELECTOR = YES;
				GCC_WARN_UNINITIALIZED_AUTOS = YES_AGGRESSIVE;
				GCC_WARN_UNUSED_FUNCTION = YES;
				GCC_WARN_UNUSED_VARIABLE = YES;
				IPHONEOS_DEPLOYMENT_TARGET = 13.0;
				MTL_ENABLE_DEBUG_INFO = NO;
				MTL_FAST_MATH = YES;
				SDKROOT = iphoneos;
				SWIFT_COMPILATION_MODE = wholemodule;
				SWIFT_OPTIMIZATION_LEVEL = "-O";
				VALIDATE_PRODUCT = YES;
			};
			name = Release;
		};
		AE8D41C5233714F100F189AD /* Debug */ = {
			isa = XCBuildConfiguration;
			buildSettings = {
				ASSETCATALOG_COMPILER_APPICON_NAME = AppIcon;
				CODE_SIGN_STYLE = Automatic;
				DEVELOPMENT_ASSET_PATHS = "\"footballSwiftUI/Preview Content\"";
				DEVELOPMENT_TEAM = FQU8548K3T;
				ENABLE_PREVIEWS = YES;
				INFOPLIST_FILE = footballSwiftUI/Info.plist;
				LD_RUNPATH_SEARCH_PATHS = (
					"$(inherited)",
					"@executable_path/Frameworks",
				);
				PRODUCT_BUNDLE_IDENTIFIER = com.entaku.footballSwiftUI;
				PRODUCT_NAME = "$(TARGET_NAME)";
				SWIFT_VERSION = 5.0;
				TARGETED_DEVICE_FAMILY = "1,2";
			};
			name = Debug;
		};
		AE8D41C6233714F100F189AD /* Release */ = {
			isa = XCBuildConfiguration;
			buildSettings = {
				ASSETCATALOG_COMPILER_APPICON_NAME = AppIcon;
				CODE_SIGN_STYLE = Automatic;
				DEVELOPMENT_ASSET_PATHS = "\"footballSwiftUI/Preview Content\"";
				DEVELOPMENT_TEAM = FQU8548K3T;
				ENABLE_PREVIEWS = YES;
				INFOPLIST_FILE = footballSwiftUI/Info.plist;
				LD_RUNPATH_SEARCH_PATHS = (
					"$(inherited)",
					"@executable_path/Frameworks",
				);
				PRODUCT_BUNDLE_IDENTIFIER = com.entaku.footballSwiftUI;
				PRODUCT_NAME = "$(TARGET_NAME)";
				SWIFT_VERSION = 5.0;
				TARGETED_DEVICE_FAMILY = "1,2";
			};
			name = Release;
		};
		AE8D41C8233714F100F189AD /* Debug */ = {
			isa = XCBuildConfiguration;
			buildSettings = {
				ALWAYS_EMBED_SWIFT_STANDARD_LIBRARIES = YES;
				BUNDLE_LOADER = "$(TEST_HOST)";
				CODE_SIGN_STYLE = Automatic;
				DEVELOPMENT_TEAM = FQU8548K3T;
				INFOPLIST_FILE = footballSwiftUITests/Info.plist;
				IPHONEOS_DEPLOYMENT_TARGET = 13.0;
				LD_RUNPATH_SEARCH_PATHS = (
					"$(inherited)",
					"@executable_path/Frameworks",
					"@loader_path/Frameworks",
				);
				PRODUCT_BUNDLE_IDENTIFIER = com.entaku.footballSwiftUITests;
				PRODUCT_NAME = "$(TARGET_NAME)";
				SWIFT_VERSION = 5.0;
				TARGETED_DEVICE_FAMILY = "1,2";
				TEST_HOST = "$(BUILT_PRODUCTS_DIR)/footballSwiftUI.app/footballSwiftUI";
			};
			name = Debug;
		};
		AE8D41C9233714F100F189AD /* Release */ = {
			isa = XCBuildConfiguration;
			buildSettings = {
				ALWAYS_EMBED_SWIFT_STANDARD_LIBRARIES = YES;
				BUNDLE_LOADER = "$(TEST_HOST)";
				CODE_SIGN_STYLE = Automatic;
				DEVELOPMENT_TEAM = FQU8548K3T;
				INFOPLIST_FILE = footballSwiftUITests/Info.plist;
				IPHONEOS_DEPLOYMENT_TARGET = 13.0;
				LD_RUNPATH_SEARCH_PATHS = (
					"$(inherited)",
					"@executable_path/Frameworks",
					"@loader_path/Frameworks",
				);
				PRODUCT_BUNDLE_IDENTIFIER = com.entaku.footballSwiftUITests;
				PRODUCT_NAME = "$(TARGET_NAME)";
				SWIFT_VERSION = 5.0;
				TARGETED_DEVICE_FAMILY = "1,2";
				TEST_HOST = "$(BUILT_PRODUCTS_DIR)/footballSwiftUI.app/footballSwiftUI";
			};
			name = Release;
		};
/* End XCBuildConfiguration section */

/* Begin XCConfigurationList section */
		AE8D419D233714F000F189AD /* Build configuration list for PBXProject "footballSwiftUI" */ = {
			isa = XCConfigurationList;
			buildConfigurations = (
				AE8D41C2233714F100F189AD /* Debug */,
				AE8D41C3233714F100F189AD /* Release */,
			);
			defaultConfigurationIsVisible = 0;
			defaultConfigurationName = Release;
		};
		AE8D41C4233714F100F189AD /* Build configuration list for PBXNativeTarget "footballSwiftUI" */ = {
			isa = XCConfigurationList;
			buildConfigurations = (
				AE8D41C5233714F100F189AD /* Debug */,
				AE8D41C6233714F100F189AD /* Release */,
			);
			defaultConfigurationIsVisible = 0;
			defaultConfigurationName = Release;
		};
		AE8D41C7233714F100F189AD /* Build configuration list for PBXNativeTarget "footballSwiftUITests" */ = {
			isa = XCConfigurationList;
			buildConfigurations = (
				AE8D41C8233714F100F189AD /* Debug */,
				AE8D41C9233714F100F189AD /* Release */,
			);
			defaultConfigurationIsVisible = 0;
			defaultConfigurationName = Release;
		};
/* End XCConfigurationList section */

/* Begin XCVersionGroup section */
		AE8D41A9233714F000F189AD /* footballSwiftUI.xcdatamodeld */ = {
			isa = XCVersionGroup;
			children = (
				AE8D41AA233714F000F189AD /* footballSwiftUI.xcdatamodel */,
			);
			currentVersion = AE8D41AA233714F000F189AD /* footballSwiftUI.xcdatamodel */;
			path = footballSwiftUI.xcdatamodeld;
			sourceTree = "<group>";
			versionGroupType = wrapper.xcdatamodel;
		};
/* End XCVersionGroup section */
	};
	rootObject = AE8D419A233714F000F189AD /* Project object */;
}
