// !$*UTF8*$!
{
	archiveVersion = 1;
	classes = {
	};
	objectVersion = 50;
	objects = {

/* Begin PBXBuildFile section */
		AAC046ABA9AC591BE997B5DC /* Pods_footballSwiftUITests.framework in Frameworks */ = {isa = PBXBuildFile; fileRef = BF6FBB2CE6A689766A026E3A /* Pods_footballSwiftUITests.framework */; };
		AE8D41A6233714F000F189AD /* AppDelegate.swift in Sources */ = {isa = PBXBuildFile; fileRef = AE8D41A5233714F000F189AD /* AppDelegate.swift */; };
		AE8D41A8233714F000F189AD /* SceneDelegate.swift in Sources */ = {isa = PBXBuildFile; fileRef = AE8D41A7233714F000F189AD /* SceneDelegate.swift */; };
		AE8D41AB233714F000F189AD /* footballSwiftUI.xcdatamodeld in Sources */ = {isa = PBXBuildFile; fileRef = AE8D41A9233714F000F189AD /* footballSwiftUI.xcdatamodeld */; };
		AE8D41AF233714F100F189AD /* Assets.xcassets in Resources */ = {isa = PBXBuildFile; fileRef = AE8D41AE233714F100F189AD /* Assets.xcassets */; };
		AE8D41B2233714F100F189AD /* Preview Assets.xcassets in Resources */ = {isa = PBXBuildFile; fileRef = AE8D41B1233714F100F189AD /* Preview Assets.xcassets */; };
		AE8D41B5233714F100F189AD /* LaunchScreen.storyboard in Resources */ = {isa = PBXBuildFile; fileRef = AE8D41B3233714F100F189AD /* LaunchScreen.storyboard */; };
		AE8D41C0233714F100F189AD /* footballSwiftUITests.swift in Sources */ = {isa = PBXBuildFile; fileRef = AE8D41BF233714F100F189AD /* footballSwiftUITests.swift */; };
		AE8D41D02337201F00F189AD /* Team.swift in Sources */ = {isa = PBXBuildFile; fileRef = AE8D41CF2337201F00F189AD /* Team.swift */; };
		AE8D41D3233720BA00F189AD /* teamData.json in Resources */ = {isa = PBXBuildFile; fileRef = AE8D41D2233720BA00F189AD /* teamData.json */; };
		AE8D41D52337238C00F189AD /* Data.swift in Sources */ = {isa = PBXBuildFile; fileRef = AE8D41D42337238C00F189AD /* Data.swift */; };
		AE8D41D7233723DB00F189AD /* LandmarkRow.swift in Sources */ = {isa = PBXBuildFile; fileRef = AE8D41D6233723DB00F189AD /* LandmarkRow.swift */; };
		AE96DAA02337E7ED00FE5622 /* TeamList.swift in Sources */ = {isa = PBXBuildFile; fileRef = AE96DA9F2337E7ED00FE5622 /* TeamList.swift */; };
		AE96DAA22338943A00FE5622 /* Liverpool.jpg in Resources */ = {isa = PBXBuildFile; fileRef = AE96DAA12338943A00FE5622 /* Liverpool.jpg */; };
		AE96DAA62338CE5E00FE5622 /* Arsenal.jpg in Resources */ = {isa = PBXBuildFile; fileRef = AE96DAA52338CE5E00FE5622 /* Arsenal.jpg */; };
		AEB8AA5723C0D614009A21E9 /* GoogleService-Info.plist in Resources */ = {isa = PBXBuildFile; fileRef = AEB8AA5623C0D614009A21E9 /* GoogleService-Info.plist */; };
		AEB8AA5923C0DFD4009A21E9 /* Talk.swift in Sources */ = {isa = PBXBuildFile; fileRef = AEB8AA5823C0DFD4009A21E9 /* Talk.swift */; };
		AEB8AA5C23C0E9A4009A21E9 /* TeamView.swift in Sources */ = {isa = PBXBuildFile; fileRef = AEB8AA5B23C0E9A4009A21E9 /* TeamView.swift */; };
		F325FE0EA91F3A518F255E2A /* Pods_footballSwiftUI.framework in Frameworks */ = {isa = PBXBuildFile; fileRef = FB32E5E782A3A08718ACA067 /* Pods_footballSwiftUI.framework */; };
/* End PBXBuildFile section */

/* Begin PBXContainerItemProxy section */
		AE8D41BC233714F100F189AD /* PBXContainerItemProxy */ = {
			isa = PBXContainerItemProxy;
			containerPortal = AE8D419A233714F000F189AD /* Project object */;
			proxyType = 1;
			remoteGlobalIDString = AE8D41A1233714F000F189AD;
			remoteInfo = footballSwiftUI;
		};
/* End PBXContainerItemProxy section */

/* Begin PBXFileReference section */
		1777101B8C77ABE9C3E9635E /* Pods-footballSwiftUITests.debug.xcconfig */ = {isa = PBXFileReference; includeInIndex = 1; lastKnownFileType = text.xcconfig; name = "Pods-footballSwiftUITests.debug.xcconfig"; path = "Pods/Target Support Files/Pods-footballSwiftUITests/Pods-footballSwiftUITests.debug.xcconfig"; sourceTree = "<group>"; };
		2A92FF02C829B12FD99FECB8 /* Pods-footballSwiftUI.debug.xcconfig */ = {isa = PBXFileReference; includeInIndex = 1; lastKnownFileType = text.xcconfig; name = "Pods-footballSwiftUI.debug.xcconfig"; path = "Pods/Target Support Files/Pods-footballSwiftUI/Pods-footballSwiftUI.debug.xcconfig"; sourceTree = "<group>"; };
		685B4B99EE07AAB381C3B8DD /* Pods-footballSwiftUITests.release.xcconfig */ = {isa = PBXFileReference; includeInIndex = 1; lastKnownFileType = text.xcconfig; name = "Pods-footballSwiftUITests.release.xcconfig"; path = "Pods/Target Support Files/Pods-footballSwiftUITests/Pods-footballSwiftUITests.release.xcconfig"; sourceTree = "<group>"; };
		872123146F42128495E21160 /* Pods-footballSwiftUI.release.xcconfig */ = {isa = PBXFileReference; includeInIndex = 1; lastKnownFileType = text.xcconfig; name = "Pods-footballSwiftUI.release.xcconfig"; path = "Pods/Target Support Files/Pods-footballSwiftUI/Pods-footballSwiftUI.release.xcconfig"; sourceTree = "<group>"; };
		AE8D41A2233714F000F189AD /* footballSwiftUI.app */ = {isa = PBXFileReference; explicitFileType = wrapper.application; includeInIndex = 0; path = footballSwiftUI.app; sourceTree = BUILT_PRODUCTS_DIR; };
		AE8D41A5233714F000F189AD /* AppDelegate.swift */ = {isa = PBXFileReference; lastKnownFileType = sourcecode.swift; path = AppDelegate.swift; sourceTree = "<group>"; };
		AE8D41A7233714F000F189AD /* SceneDelegate.swift */ = {isa = PBXFileReference; lastKnownFileType = sourcecode.swift; path = SceneDelegate.swift; sourceTree = "<group>"; };
		AE8D41AA233714F000F189AD /* footballSwiftUI.xcdatamodel */ = {isa = PBXFileReference; lastKnownFileType = wrapper.xcdatamodel; path = footballSwiftUI.xcdatamodel; sourceTree = "<group>"; };
		AE8D41AE233714F100F189AD /* Assets.xcassets */ = {isa = PBXFileReference; lastKnownFileType = folder.assetcatalog; path = Assets.xcassets; sourceTree = "<group>"; };
		AE8D41B1233714F100F189AD /* Preview Assets.xcassets */ = {isa = PBXFileReference; lastKnownFileType = folder.assetcatalog; path = "Preview Assets.xcassets"; sourceTree = "<group>"; };
		AE8D41B4233714F100F189AD /* Base */ = {isa = PBXFileReference; lastKnownFileType = file.storyboard; name = Base; path = Base.lproj/LaunchScreen.storyboard; sourceTree = "<group>"; };
		AE8D41B6233714F100F189AD /* Info.plist */ = {isa = PBXFileReference; lastKnownFileType = text.plist.xml; path = Info.plist; sourceTree = "<group>"; };
		AE8D41BB233714F100F189AD /* footballSwiftUITests.xctest */ = {isa = PBXFileReference; explicitFileType = wrapper.cfbundle; includeInIndex = 0; path = footballSwiftUITests.xctest; sourceTree = BUILT_PRODUCTS_DIR; };
		AE8D41BF233714F100F189AD /* footballSwiftUITests.swift */ = {isa = PBXFileReference; lastKnownFileType = sourcecode.swift; path = footballSwiftUITests.swift; sourceTree = "<group>"; };
		AE8D41C1233714F100F189AD /* Info.plist */ = {isa = PBXFileReference; lastKnownFileType = text.plist.xml; path = Info.plist; sourceTree = "<group>"; };
		AE8D41CF2337201F00F189AD /* Team.swift */ = {isa = PBXFileReference; lastKnownFileType = sourcecode.swift; path = Team.swift; sourceTree = "<group>"; };
		AE8D41D2233720BA00F189AD /* teamData.json */ = {isa = PBXFileReference; fileEncoding = 4; lastKnownFileType = text.json; path = teamData.json; sourceTree = "<group>"; };
		AE8D41D42337238C00F189AD /* Data.swift */ = {isa = PBXFileReference; fileEncoding = 4; lastKnownFileType = sourcecode.swift; path = Data.swift; sourceTree = "<group>"; };
		AE8D41D6233723DB00F189AD /* LandmarkRow.swift */ = {isa = PBXFileReference; lastKnownFileType = sourcecode.swift; path = LandmarkRow.swift; sourceTree = "<group>"; };
		AE96DA9F2337E7ED00FE5622 /* TeamList.swift */ = {isa = PBXFileReference; lastKnownFileType = sourcecode.swift; path = TeamList.swift; sourceTree = "<group>"; };
		AE96DAA12338943A00FE5622 /* Liverpool.jpg */ = {isa = PBXFileReference; lastKnownFileType = image.jpeg; path = Liverpool.jpg; sourceTree = "<group>"; };
		AE96DAA52338CE5E00FE5622 /* Arsenal.jpg */ = {isa = PBXFileReference; lastKnownFileType = image.jpeg; path = Arsenal.jpg; sourceTree = "<group>"; };
		AEB8AA5623C0D614009A21E9 /* GoogleService-Info.plist */ = {isa = PBXFileReference; fileEncoding = 4; lastKnownFileType = text.plist.xml; path = "GoogleService-Info.plist"; sourceTree = "<group>"; };
		AEB8AA5823C0DFD4009A21E9 /* Talk.swift */ = {isa = PBXFileReference; lastKnownFileType = sourcecode.swift; path = Talk.swift; sourceTree = "<group>"; };
		AEB8AA5B23C0E9A4009A21E9 /* TeamView.swift */ = {isa = PBXFileReference; fileEncoding = 4; lastKnownFileType = sourcecode.swift; path = TeamView.swift; sourceTree = "<group>"; };
		BF6FBB2CE6A689766A026E3A /* Pods_footballSwiftUITests.framework */ = {isa = PBXFileReference; explicitFileType = wrapper.framework; includeInIndex = 0; path = Pods_footballSwiftUITests.framework; sourceTree = BUILT_PRODUCTS_DIR; };
		FB32E5E782A3A08718ACA067 /* Pods_footballSwiftUI.framework */ = {isa = PBXFileReference; explicitFileType = wrapper.framework; includeInIndex = 0; path = Pods_footballSwiftUI.framework; sourceTree = BUILT_PRODUCTS_DIR; };
/* End PBXFileReference section */

/* Begin PBXFrameworksBuildPhase section */
		AE8D419F233714F000F189AD /* Frameworks */ = {
			isa = PBXFrameworksBuildPhase;
			buildActionMask = 2147483647;
			files = (
				F325FE0EA91F3A518F255E2A /* Pods_footballSwiftUI.framework in Frameworks */,
			);
			runOnlyForDeploymentPostprocessing = 0;
		};
		AE8D41B8233714F100F189AD /* Frameworks */ = {
			isa = PBXFrameworksBuildPhase;
			buildActionMask = 2147483647;
			files = (
				AAC046ABA9AC591BE997B5DC /* Pods_footballSwiftUITests.framework in Frameworks */,
			);
			runOnlyForDeploymentPostprocessing = 0;
		};
/* End PBXFrameworksBuildPhase section */

/* Begin PBXGroup section */
		AE8D4199233714F000F189AD = {
			isa = PBXGroup;
			children = (
				AE8D41A4233714F000F189AD /* footballSwiftUI */,
				AE8D41BE233714F100F189AD /* footballSwiftUITests */,
				AE8D41A3233714F000F189AD /* Products */,
				B65F8217361DAF3C81417F72 /* Pods */,
				B47F32F9A61BE0223E325F7E /* Frameworks */,
			);
			sourceTree = "<group>";
		};
		AE8D41A3233714F000F189AD /* Products */ = {
			isa = PBXGroup;
			children = (
				AE8D41A2233714F000F189AD /* footballSwiftUI.app */,
				AE8D41BB233714F100F189AD /* footballSwiftUITests.xctest */,
			);
			name = Products;
			sourceTree = "<group>";
		};
		AE8D41A4233714F000F189AD /* footballSwiftUI */ = {
			isa = PBXGroup;
			children = (
				AEB8AA5623C0D614009A21E9 /* GoogleService-Info.plist */,
				AE8D41A5233714F000F189AD /* AppDelegate.swift */,
				AE8D41A7233714F000F189AD /* SceneDelegate.swift */,
				AEB8AA5A23C0E951009A21E9 /* View */,
				AE8D41AE233714F100F189AD /* Assets.xcassets */,
				AE8D41CE2337200C00F189AD /* Model */,
				AE8D41B3233714F100F189AD /* LaunchScreen.storyboard */,
				AE8D41B6233714F100F189AD /* Info.plist */,
				AE8D41D12337205800F189AD /* Resouce */,
				AE8D41A9233714F000F189AD /* footballSwiftUI.xcdatamodeld */,
				AE8D41B0233714F100F189AD /* Preview Content */,
			);
			path = footballSwiftUI;
			sourceTree = "<group>";
		};
		AE8D41B0233714F100F189AD /* Preview Content */ = {
			isa = PBXGroup;
			children = (
				AE8D41B1233714F100F189AD /* Preview Assets.xcassets */,
			);
			path = "Preview Content";
			sourceTree = "<group>";
		};
		AE8D41BE233714F100F189AD /* footballSwiftUITests */ = {
			isa = PBXGroup;
			children = (
				AE8D41BF233714F100F189AD /* footballSwiftUITests.swift */,
				AE8D41C1233714F100F189AD /* Info.plist */,
			);
			path = footballSwiftUITests;
			sourceTree = "<group>";
		};
		AE8D41CE2337200C00F189AD /* Model */ = {
			isa = PBXGroup;
			children = (
				AE8D41D42337238C00F189AD /* Data.swift */,
				AE8D41CF2337201F00F189AD /* Team.swift */,
				AEB8AA5823C0DFD4009A21E9 /* Talk.swift */,
			);
			path = Model;
			sourceTree = "<group>";
		};
		AE8D41D12337205800F189AD /* Resouce */ = {
			isa = PBXGroup;
			children = (
				AE96DAA12338943A00FE5622 /* Liverpool.jpg */,
				AE96DAA52338CE5E00FE5622 /* Arsenal.jpg */,
				AE8D41D2233720BA00F189AD /* teamData.json */,
			);
			path = Resouce;
			sourceTree = "<group>";
		};
		AEB8AA5A23C0E951009A21E9 /* View */ = {
			isa = PBXGroup;
			children = (
				AE8D41D6233723DB00F189AD /* LandmarkRow.swift */,
				AE96DA9F2337E7ED00FE5622 /* TeamList.swift */,
				AEB8AA5B23C0E9A4009A21E9 /* TeamView.swift */,
			);
			path = View;
			sourceTree = "<group>";
		};
		B47F32F9A61BE0223E325F7E /* Frameworks */ = {
			isa = PBXGroup;
			children = (
				FB32E5E782A3A08718ACA067 /* Pods_footballSwiftUI.framework */,
				BF6FBB2CE6A689766A026E3A /* Pods_footballSwiftUITests.framework */,
			);
			name = Frameworks;
			sourceTree = "<group>";
		};
		B65F8217361DAF3C81417F72 /* Pods */ = {
			isa = PBXGroup;
			children = (
				2A92FF02C829B12FD99FECB8 /* Pods-footballSwiftUI.debug.xcconfig */,
				872123146F42128495E21160 /* Pods-footballSwiftUI.release.xcconfig */,
				1777101B8C77ABE9C3E9635E /* Pods-footballSwiftUITests.debug.xcconfig */,
				685B4B99EE07AAB381C3B8DD /* Pods-footballSwiftUITests.release.xcconfig */,
			);
			name = Pods;
			sourceTree = "<group>";
		};
/* End PBXGroup section */

/* Begin PBXNativeTarget section */
		AE8D41A1233714F000F189AD /* footballSwiftUI */ = {
			isa = PBXNativeTarget;
			buildConfigurationList = AE8D41C4233714F100F189AD /* Build configuration list for PBXNativeTarget "footballSwiftUI" */;
			buildPhases = (
				7C359AF6AEF22193A4D7F93F /* [CP] Check Pods Manifest.lock */,
				AE8D419E233714F000F189AD /* Sources */,
				AE8D419F233714F000F189AD /* Frameworks */,
				AE8D41A0233714F000F189AD /* Resources */,
				5794EF118B383DB5D52428E9 /* [CP] Embed Pods Frameworks */,
			);
			buildRules = (
			);
			dependencies = (
			);
			name = footballSwiftUI;
			productName = footballSwiftUI;
			productReference = AE8D41A2233714F000F189AD /* footballSwiftUI.app */;
			productType = "com.apple.product-type.application";
		};
		AE8D41BA233714F100F189AD /* footballSwiftUITests */ = {
			isa = PBXNativeTarget;
			buildConfigurationList = AE8D41C7233714F100F189AD /* Build configuration list for PBXNativeTarget "footballSwiftUITests" */;
			buildPhases = (
				56C2289F867619AEA725E53D /* [CP] Check Pods Manifest.lock */,
				AE8D41B7233714F100F189AD /* Sources */,
				AE8D41B8233714F100F189AD /* Frameworks */,
				AE8D41B9233714F100F189AD /* Resources */,
			);
			buildRules = (
			);
			dependencies = (
				AE8D41BD233714F100F189AD /* PBXTargetDependency */,
			);
			name = footballSwiftUITests;
			productName = footballSwiftUITests;
			productReference = AE8D41BB233714F100F189AD /* footballSwiftUITests.xctest */;
			productType = "com.apple.product-type.bundle.unit-test";
		};
/* End PBXNativeTarget section */

/* Begin PBXProject section */
		AE8D419A233714F000F189AD /* Project object */ = {
			isa = PBXProject;
			attributes = {
				LastSwiftUpdateCheck = 1100;
				LastUpgradeCheck = 1100;
				ORGANIZATIONNAME = "遠藤拓弥\b";
				TargetAttributes = {
					AE8D41A1233714F000F189AD = {
						CreatedOnToolsVersion = 11.0;
					};
					AE8D41BA233714F100F189AD = {
						CreatedOnToolsVersion = 11.0;
						TestTargetID = AE8D41A1233714F000F189AD;
					};
				};
			};
			buildConfigurationList = AE8D419D233714F000F189AD /* Build configuration list for PBXProject "footballSwiftUI" */;
			compatibilityVersion = "Xcode 9.3";
			developmentRegion = en;
			hasScannedForEncodings = 0;
			knownRegions = (
				en,
				Base,
			);
			mainGroup = AE8D4199233714F000F189AD;
			productRefGroup = AE8D41A3233714F000F189AD /* Products */;
			projectDirPath = "";
			projectRoot = "";
			targets = (
				AE8D41A1233714F000F189AD /* footballSwiftUI */,
				AE8D41BA233714F100F189AD /* footballSwiftUITests */,
			);
		};
/* End PBXProject section */

/* Begin PBXResourcesBuildPhase section */
		AE8D41A0233714F000F189AD /* Resources */ = {
			isa = PBXResourcesBuildPhase;
			buildActionMask = 2147483647;
			files = (
				AE8D41B5233714F100F189AD /* LaunchScreen.storyboard in Resources */,
				AE8D41D3233720BA00F189AD /* teamData.json in Resources */,
				AE8D41B2233714F100F189AD /* Preview Assets.xcassets in Resources */,
				AE96DAA22338943A00FE5622 /* Liverpool.jpg in Resources */,
				AE8D41AF233714F100F189AD /* Assets.xcassets in Resources */,
				AE96DAA62338CE5E00FE5622 /* Arsenal.jpg in Resources */,
				AEB8AA5723C0D614009A21E9 /* GoogleService-Info.plist in Resources */,
			);
			runOnlyForDeploymentPostprocessing = 0;
		};
		AE8D41B9233714F100F189AD /* Resources */ = {
			isa = PBXResourcesBuildPhase;
			buildActionMask = 2147483647;
			files = (
			);
			runOnlyForDeploymentPostprocessing = 0;
		};
/* End PBXResourcesBuildPhase section */

/* Begin PBXShellScriptBuildPhase section */
		56C2289F867619AEA725E53D /* [CP] Check Pods Manifest.lock */ = {
			isa = PBXShellScriptBuildPhase;
			buildActionMask = 2147483647;
			files = (
			);
			inputFileListPaths = (
			);
			inputPaths = (
				"${PODS_PODFILE_DIR_PATH}/Podfile.lock",
				"${PODS_ROOT}/Manifest.lock",
			);
			name = "[CP] Check Pods Manifest.lock";
			outputFileListPaths = (
			);
			outputPaths = (
				"$(DERIVED_FILE_DIR)/Pods-footballSwiftUITests-checkManifestLockResult.txt",
			);
			runOnlyForDeploymentPostprocessing = 0;
			shellPath = /bin/sh;
			shellScript = "diff \"${PODS_PODFILE_DIR_PATH}/Podfile.lock\" \"${PODS_ROOT}/Manifest.lock\" > /dev/null\nif [ $? != 0 ] ; then\n    # print error to STDERR\n    echo \"error: The sandbox is not in sync with the Podfile.lock. Run 'pod install' or update your CocoaPods installation.\" >&2\n    exit 1\nfi\n# This output is used by Xcode 'outputs' to avoid re-running this script phase.\necho \"SUCCESS\" > \"${SCRIPT_OUTPUT_FILE_0}\"\n";
			showEnvVarsInLog = 0;
		};
		5794EF118B383DB5D52428E9 /* [CP] Embed Pods Frameworks */ = {
			isa = PBXShellScriptBuildPhase;
			buildActionMask = 2147483647;
			files = (
			);
			inputFileListPaths = (
			);
			inputPaths = (
				"${SRCROOT}/Pods/Target Support Files/Pods-footballSwiftUI/Pods-footballSwiftUI-frameworks.sh",
				"${BUILT_PRODUCTS_DIR}/BoringSSL-GRPC/openssl_grpc.framework",
				"${BUILT_PRODUCTS_DIR}/GTMSessionFetcher/GTMSessionFetcher.framework",
				"${BUILT_PRODUCTS_DIR}/GoogleUtilities/GoogleUtilities.framework",
				"${BUILT_PRODUCTS_DIR}/Protobuf/Protobuf.framework",
				"${BUILT_PRODUCTS_DIR}/gRPC-C++/grpcpp.framework",
				"${BUILT_PRODUCTS_DIR}/gRPC-Core/grpc.framework",
				"${BUILT_PRODUCTS_DIR}/leveldb-library/leveldb.framework",
				"${BUILT_PRODUCTS_DIR}/nanopb/nanopb.framework",
			);
			name = "[CP] Embed Pods Frameworks";
			outputFileListPaths = (
			);
			outputPaths = (
				"${TARGET_BUILD_DIR}/${FRAMEWORKS_FOLDER_PATH}/openssl_grpc.framework",
				"${TARGET_BUILD_DIR}/${FRAMEWORKS_FOLDER_PATH}/GTMSessionFetcher.framework",
				"${TARGET_BUILD_DIR}/${FRAMEWORKS_FOLDER_PATH}/GoogleUtilities.framework",
				"${TARGET_BUILD_DIR}/${FRAMEWORKS_FOLDER_PATH}/Protobuf.framework",
				"${TARGET_BUILD_DIR}/${FRAMEWORKS_FOLDER_PATH}/grpcpp.framework",
				"${TARGET_BUILD_DIR}/${FRAMEWORKS_FOLDER_PATH}/grpc.framework",
				"${TARGET_BUILD_DIR}/${FRAMEWORKS_FOLDER_PATH}/leveldb.framework",
				"${TARGET_BUILD_DIR}/${FRAMEWORKS_FOLDER_PATH}/nanopb.framework",
			);
			runOnlyForDeploymentPostprocessing = 0;
			shellPath = /bin/sh;
			shellScript = "\"${SRCROOT}/Pods/Target Support Files/Pods-footballSwiftUI/Pods-footballSwiftUI-frameworks.sh\"\n";
			showEnvVarsInLog = 0;
		};
		7C359AF6AEF22193A4D7F93F /* [CP] Check Pods Manifest.lock */ = {
			isa = PBXShellScriptBuildPhase;
			buildActionMask = 2147483647;
			files = (
			);
			inputFileListPaths = (
			);
			inputPaths = (
				"${PODS_PODFILE_DIR_PATH}/Podfile.lock",
				"${PODS_ROOT}/Manifest.lock",
			);
			name = "[CP] Check Pods Manifest.lock";
			outputFileListPaths = (
			);
			outputPaths = (
				"$(DERIVED_FILE_DIR)/Pods-footballSwiftUI-checkManifestLockResult.txt",
			);
			runOnlyForDeploymentPostprocessing = 0;
			shellPath = /bin/sh;
			shellScript = "diff \"${PODS_PODFILE_DIR_PATH}/Podfile.lock\" \"${PODS_ROOT}/Manifest.lock\" > /dev/null\nif [ $? != 0 ] ; then\n    # print error to STDERR\n    echo \"error: The sandbox is not in sync with the Podfile.lock. Run 'pod install' or update your CocoaPods installation.\" >&2\n    exit 1\nfi\n# This output is used by Xcode 'outputs' to avoid re-running this script phase.\necho \"SUCCESS\" > \"${SCRIPT_OUTPUT_FILE_0}\"\n";
			showEnvVarsInLog = 0;
		};
/* End PBXShellScriptBuildPhase section */

/* Begin PBXSourcesBuildPhase section */
		AE8D419E233714F000F189AD /* Sources */ = {
			isa = PBXSourcesBuildPhase;
			buildActionMask = 2147483647;
			files = (
				AEB8AA5C23C0E9A4009A21E9 /* TeamView.swift in Sources */,
				AE8D41D02337201F00F189AD /* Team.swift in Sources */,
				AEB8AA5923C0DFD4009A21E9 /* Talk.swift in Sources */,
				AE8D41AB233714F000F189AD /* footballSwiftUI.xcdatamodeld in Sources */,
				AE8D41A6233714F000F189AD /* AppDelegate.swift in Sources */,
				AE8D41A8233714F000F189AD /* SceneDelegate.swift in Sources */,
				AE8D41D52337238C00F189AD /* Data.swift in Sources */,
				AE8D41D7233723DB00F189AD /* LandmarkRow.swift in Sources */,
				AE96DAA02337E7ED00FE5622 /* TeamList.swift in Sources */,
			);
			runOnlyForDeploymentPostprocessing = 0;
		};
		AE8D41B7233714F100F189AD /* Sources */ = {
			isa = PBXSourcesBuildPhase;
			buildActionMask = 2147483647;
			files = (
				AE8D41C0233714F100F189AD /* footballSwiftUITests.swift in Sources */,
			);
			runOnlyForDeploymentPostprocessing = 0;
		};
/* End PBXSourcesBuildPhase section */

/* Begin PBXTargetDependency section */
		AE8D41BD233714F100F189AD /* PBXTargetDependency */ = {
			isa = PBXTargetDependency;
			target = AE8D41A1233714F000F189AD /* footballSwiftUI */;
			targetProxy = AE8D41BC233714F100F189AD /* PBXContainerItemProxy */;
		};
/* End PBXTargetDependency section */

/* Begin PBXVariantGroup section */
		AE8D41B3233714F100F189AD /* LaunchScreen.storyboard */ = {
			isa = PBXVariantGroup;
			children = (
				AE8D41B4233714F100F189AD /* Base */,
			);
			name = LaunchScreen.storyboard;
			sourceTree = "<group>";
		};
/* End PBXVariantGroup section */

/* Begin XCBuildConfiguration section */
		AE8D41C2233714F100F189AD /* Debug */ = {
			isa = XCBuildConfiguration;
			buildSettings = {
				ALWAYS_SEARCH_USER_PATHS = NO;
				CLANG_ANALYZER_NONNULL = YES;
				CLANG_ANALYZER_NUMBER_OBJECT_CONVERSION = YES_AGGRESSIVE;
				CLANG_CXX_LANGUAGE_STANDARD = "gnu++14";
				CLANG_CXX_LIBRARY = "libc++";
				CLANG_ENABLE_MODULES = YES;
				CLANG_ENABLE_OBJC_ARC = YES;
				CLANG_ENABLE_OBJC_WEAK = YES;
				CLANG_WARN_BLOCK_CAPTURE_AUTORELEASING = YES;
				CLANG_WARN_BOOL_CONVERSION = YES;
				CLANG_WARN_COMMA = YES;
				CLANG_WARN_CONSTANT_CONVERSION = YES;
				CLANG_WARN_DEPRECATED_OBJC_IMPLEMENTATIONS = YES;
				CLANG_WARN_DIRECT_OBJC_ISA_USAGE = YES_ERROR;
				CLANG_WARN_DOCUMENTATION_COMMENTS = YES;
				CLANG_WARN_EMPTY_BODY = YES;
				CLANG_WARN_ENUM_CONVERSION = YES;
				CLANG_WARN_INFINITE_RECURSION = YES;
				CLANG_WARN_INT_CONVERSION = YES;
				CLANG_WARN_NON_LITERAL_NULL_CONVERSION = YES;
				CLANG_WARN_OBJC_IMPLICIT_RETAIN_SELF = YES;
				CLANG_WARN_OBJC_LITERAL_CONVERSION = YES;
				CLANG_WARN_OBJC_ROOT_CLASS = YES_ERROR;
				CLANG_WARN_RANGE_LOOP_ANALYSIS = YES;
				CLANG_WARN_STRICT_PROTOTYPES = YES;
				CLANG_WARN_SUSPICIOUS_MOVE = YES;
				CLANG_WARN_UNGUARDED_AVAILABILITY = YES_AGGRESSIVE;
				CLANG_WARN_UNREACHABLE_CODE = YES;
				CLANG_WARN__DUPLICATE_METHOD_MATCH = YES;
				COPY_PHASE_STRIP = NO;
				DEBUG_INFORMATION_FORMAT = dwarf;
				ENABLE_STRICT_OBJC_MSGSEND = YES;
				ENABLE_TESTABILITY = YES;
				GCC_C_LANGUAGE_STANDARD = gnu11;
				GCC_DYNAMIC_NO_PIC = NO;
				GCC_NO_COMMON_BLOCKS = YES;
				GCC_OPTIMIZATION_LEVEL = 0;
				GCC_PREPROCESSOR_DEFINITIONS = (
					"DEBUG=1",
					"$(inherited)",
				);
				GCC_WARN_64_TO_32_BIT_CONVERSION = YES;
				GCC_WARN_ABOUT_RETURN_TYPE = YES_ERROR;
				GCC_WARN_UNDECLARED_SELECTOR = YES;
				GCC_WARN_UNINITIALIZED_AUTOS = YES_AGGRESSIVE;
				GCC_WARN_UNUSED_FUNCTION = YES;
				GCC_WARN_UNUSED_VARIABLE = YES;
				IPHONEOS_DEPLOYMENT_TARGET = 13.0;
				MTL_ENABLE_DEBUG_INFO = INCLUDE_SOURCE;
				MTL_FAST_MATH = YES;
				ONLY_ACTIVE_ARCH = YES;
				SDKROOT = iphoneos;
				SWIFT_ACTIVE_COMPILATION_CONDITIONS = DEBUG;
				SWIFT_OPTIMIZATION_LEVEL = "-Onone";
			};
			name = Debug;
		};
		AE8D41C3233714F100F189AD /* Release */ = {
			isa = XCBuildConfiguration;
			buildSettings = {
				ALWAYS_SEARCH_USER_PATHS = NO;
				CLANG_ANALYZER_NONNULL = YES;
				CLANG_ANALYZER_NUMBER_OBJECT_CONVERSION = YES_AGGRESSIVE;
				CLANG_CXX_LANGUAGE_STANDARD = "gnu++14";
				CLANG_CXX_LIBRARY = "libc++";
				CLANG_ENABLE_MODULES = YES;
				CLANG_ENABLE_OBJC_ARC = YES;
				CLANG_ENABLE_OBJC_WEAK = YES;
				CLANG_WARN_BLOCK_CAPTURE_AUTORELEASING = YES;
				CLANG_WARN_BOOL_CONVERSION = YES;
				CLANG_WARN_COMMA = YES;
				CLANG_WARN_CONSTANT_CONVERSION = YES;
				CLANG_WARN_DEPRECATED_OBJC_IMPLEMENTATIONS = YES;
				CLANG_WARN_DIRECT_OBJC_ISA_USAGE = YES_ERROR;
				CLANG_WARN_DOCUMENTATION_COMMENTS = YES;
				CLANG_WARN_EMPTY_BODY = YES;
				CLANG_WARN_ENUM_CONVERSION = YES;
				CLANG_WARN_INFINITE_RECURSION = YES;
				CLANG_WARN_INT_CONVERSION = YES;
				CLANG_WARN_NON_LITERAL_NULL_CONVERSION = YES;
				CLANG_WARN_OBJC_IMPLICIT_RETAIN_SELF = YES;
				CLANG_WARN_OBJC_LITERAL_CONVERSION = YES;
				CLANG_WARN_OBJC_ROOT_CLASS = YES_ERROR;
				CLANG_WARN_RANGE_LOOP_ANALYSIS = YES;
				CLANG_WARN_STRICT_PROTOTYPES = YES;
				CLANG_WARN_SUSPICIOUS_MOVE = YES;
				CLANG_WARN_UNGUARDED_AVAILABILITY = YES_AGGRESSIVE;
				CLANG_WARN_UNREACHABLE_CODE = YES;
				CLANG_WARN__DUPLICATE_METHOD_MATCH = YES;
				COPY_PHASE_STRIP = NO;
				DEBUG_INFORMATION_FORMAT = "dwarf-with-dsym";
				ENABLE_NS_ASSERTIONS = NO;
				ENABLE_STRICT_OBJC_MSGSEND = YES;
				GCC_C_LANGUAGE_STANDARD = gnu11;
				GCC_NO_COMMON_BLOCKS = YES;
				GCC_WARN_64_TO_32_BIT_CONVERSION = YES;
				GCC_WARN_ABOUT_RETURN_TYPE = YES_ERROR;
				GCC_WARN_UNDECLARED_SELECTOR = YES;
				GCC_WARN_UNINITIALIZED_AUTOS = YES_AGGRESSIVE;
				GCC_WARN_UNUSED_FUNCTION = YES;
				GCC_WARN_UNUSED_VARIABLE = YES;
				IPHONEOS_DEPLOYMENT_TARGET = 13.0;
				MTL_ENABLE_DEBUG_INFO = NO;
				MTL_FAST_MATH = YES;
				SDKROOT = iphoneos;
				SWIFT_COMPILATION_MODE = wholemodule;
				SWIFT_OPTIMIZATION_LEVEL = "-O";
				VALIDATE_PRODUCT = YES;
			};
			name = Release;
		};
		AE8D41C5233714F100F189AD /* Debug */ = {
			isa = XCBuildConfiguration;
			baseConfigurationReference = 2A92FF02C829B12FD99FECB8 /* Pods-footballSwiftUI.debug.xcconfig */;
			buildSettings = {
				ASSETCATALOG_COMPILER_APPICON_NAME = AppIcon;
				CODE_SIGN_IDENTITY = "Apple Development";
				CODE_SIGN_STYLE = Automatic;
				DEVELOPMENT_ASSET_PATHS = "\"footballSwiftUI/Preview Content\"";
				DEVELOPMENT_TEAM = 4YZQY4C47E;
				ENABLE_PREVIEWS = YES;
				INFOPLIST_FILE = footballSwiftUI/Info.plist;
				LD_RUNPATH_SEARCH_PATHS = (
					"$(inherited)",
					"@executable_path/Frameworks",
				);
				PRODUCT_BUNDLE_IDENTIFIER = com.entaku.footballSwiftUI;
				PRODUCT_NAME = "$(TARGET_NAME)";
				PROVISIONING_PROFILE_SPECIFIER = "";
				SWIFT_VERSION = 5.0;
				TARGETED_DEVICE_FAMILY = "1,2";
			};
			name = Debug;
		};
		AE8D41C6233714F100F189AD /* Release */ = {
			isa = XCBuildConfiguration;
			baseConfigurationReference = 872123146F42128495E21160 /* Pods-footballSwiftUI.release.xcconfig */;
			buildSettings = {
				ASSETCATALOG_COMPILER_APPICON_NAME = AppIcon;
				CODE_SIGN_IDENTITY = "Apple Development";
				CODE_SIGN_STYLE = Automatic;
				DEVELOPMENT_ASSET_PATHS = "\"footballSwiftUI/Preview Content\"";
				DEVELOPMENT_TEAM = 4YZQY4C47E;
				ENABLE_PREVIEWS = YES;
				INFOPLIST_FILE = footballSwiftUI/Info.plist;
				LD_RUNPATH_SEARCH_PATHS = (
					"$(inherited)",
					"@executable_path/Frameworks",
				);
				PRODUCT_BUNDLE_IDENTIFIER = com.entaku.footballSwiftUI;
				PRODUCT_NAME = "$(TARGET_NAME)";
				PROVISIONING_PROFILE_SPECIFIER = "";
				SWIFT_VERSION = 5.0;
				TARGETED_DEVICE_FAMILY = "1,2";
			};
			name = Release;
		};
		AE8D41C8233714F100F189AD /* Debug */ = {
			isa = XCBuildConfiguration;
			baseConfigurationReference = 1777101B8C77ABE9C3E9635E /* Pods-footballSwiftUITests.debug.xcconfig */;
			buildSettings = {
				ALWAYS_EMBED_SWIFT_STANDARD_LIBRARIES = YES;
				BUNDLE_LOADER = "$(TEST_HOST)";
				CODE_SIGN_STYLE = Automatic;
				DEVELOPMENT_TEAM = FQU8548K3T;
				INFOPLIST_FILE = footballSwiftUITests/Info.plist;
				IPHONEOS_DEPLOYMENT_TARGET = 13.0;
				LD_RUNPATH_SEARCH_PATHS = (
					"$(inherited)",
					"@executable_path/Frameworks",
					"@loader_path/Frameworks",
				);
				PRODUCT_BUNDLE_IDENTIFIER = com.entaku.footballSwiftUITests;
				PRODUCT_NAME = "$(TARGET_NAME)";
				SWIFT_VERSION = 5.0;
				TARGETED_DEVICE_FAMILY = "1,2";
				TEST_HOST = "$(BUILT_PRODUCTS_DIR)/footballSwiftUI.app/footballSwiftUI";
			};
			name = Debug;
		};
		AE8D41C9233714F100F189AD /* Release */ = {
			isa = XCBuildConfiguration;
			baseConfigurationReference = 685B4B99EE07AAB381C3B8DD /* Pods-footballSwiftUITests.release.xcconfig */;
			buildSettings = {
				ALWAYS_EMBED_SWIFT_STANDARD_LIBRARIES = YES;
				BUNDLE_LOADER = "$(TEST_HOST)";
				CODE_SIGN_STYLE = Automatic;
				DEVELOPMENT_TEAM = FQU8548K3T;
				INFOPLIST_FILE = footballSwiftUITests/Info.plist;
				IPHONEOS_DEPLOYMENT_TARGET = 13.0;
				LD_RUNPATH_SEARCH_PATHS = (
					"$(inherited)",
					"@executable_path/Frameworks",
					"@loader_path/Frameworks",
				);
				PRODUCT_BUNDLE_IDENTIFIER = com.entaku.footballSwiftUITests;
				PRODUCT_NAME = "$(TARGET_NAME)";
				SWIFT_VERSION = 5.0;
				TARGETED_DEVICE_FAMILY = "1,2";
				TEST_HOST = "$(BUILT_PRODUCTS_DIR)/footballSwiftUI.app/footballSwiftUI";
			};
			name = Release;
		};
/* End XCBuildConfiguration section */

/* Begin XCConfigurationList section */
		AE8D419D233714F000F189AD /* Build configuration list for PBXProject "footballSwiftUI" */ = {
			isa = XCConfigurationList;
			buildConfigurations = (
				AE8D41C2233714F100F189AD /* Debug */,
				AE8D41C3233714F100F189AD /* Release */,
			);
			defaultConfigurationIsVisible = 0;
			defaultConfigurationName = Release;
		};
		AE8D41C4233714F100F189AD /* Build configuration list for PBXNativeTarget "footballSwiftUI" */ = {
			isa = XCConfigurationList;
			buildConfigurations = (
				AE8D41C5233714F100F189AD /* Debug */,
				AE8D41C6233714F100F189AD /* Release */,
			);
			defaultConfigurationIsVisible = 0;
			defaultConfigurationName = Release;
		};
		AE8D41C7233714F100F189AD /* Build configuration list for PBXNativeTarget "footballSwiftUITests" */ = {
			isa = XCConfigurationList;
			buildConfigurations = (
				AE8D41C8233714F100F189AD /* Debug */,
				AE8D41C9233714F100F189AD /* Release */,
			);
			defaultConfigurationIsVisible = 0;
			defaultConfigurationName = Release;
		};
/* End XCConfigurationList section */

/* Begin XCVersionGroup section */
		AE8D41A9233714F000F189AD /* footballSwiftUI.xcdatamodeld */ = {
			isa = XCVersionGroup;
			children = (
				AE8D41AA233714F000F189AD /* footballSwiftUI.xcdatamodel */,
			);
			currentVersion = AE8D41AA233714F000F189AD /* footballSwiftUI.xcdatamodel */;
			path = footballSwiftUI.xcdatamodeld;
			sourceTree = "<group>";
			versionGroupType = wrapper.xcdatamodel;
		};
/* End XCVersionGroup section */
	};
	rootObject = AE8D419A233714F000F189AD /* Project object */;
}
